// !$*UTF8*$!
{
	archiveVersion = 1;
	classes = {
	};
	objectVersion = 46;
	objects = {

/* Begin PBXBuildFile section */
		422E8D591AD0621700F3199F /* AppDelegate.swift in Sources */ = {isa = PBXBuildFile; fileRef = 422E8D581AD0621700F3199F /* AppDelegate.swift */; };
		422E8D5B1AD0621700F3199F /* ViewController.swift in Sources */ = {isa = PBXBuildFile; fileRef = 422E8D5A1AD0621700F3199F /* ViewController.swift */; };
		422E8D5E1AD0621700F3199F /* Main.storyboard in Resources */ = {isa = PBXBuildFile; fileRef = 422E8D5C1AD0621700F3199F /* Main.storyboard */; };
		422E8D601AD0621700F3199F /* Images.xcassets in Resources */ = {isa = PBXBuildFile; fileRef = 422E8D5F1AD0621700F3199F /* Images.xcassets */; };
		422E8D631AD0621700F3199F /* LaunchScreen.xib in Resources */ = {isa = PBXBuildFile; fileRef = 422E8D611AD0621700F3199F /* LaunchScreen.xib */; };
		422E8D6F1AD0621800F3199F /* WatchAppTempTests.swift in Sources */ = {isa = PBXBuildFile; fileRef = 422E8D6E1AD0621800F3199F /* WatchAppTempTests.swift */; };
/* End PBXBuildFile section */

/* Begin PBXContainerItemProxy section */
		422E8D691AD0621800F3199F /* PBXContainerItemProxy */ = {
			isa = PBXContainerItemProxy;
			containerPortal = 422E8D4B1AD0621700F3199F /* Project object */;
			proxyType = 1;
			remoteGlobalIDString = 422E8D521AD0621700F3199F;
			remoteInfo = WatchAppTemp;
		};
/* End PBXContainerItemProxy section */

/* Begin PBXFileReference section */
		422E8D531AD0621700F3199F /* WatchAppTemp.app */ = {isa = PBXFileReference; explicitFileType = wrapper.application; includeInIndex = 0; path = WatchAppTemp.app; sourceTree = BUILT_PRODUCTS_DIR; };
		422E8D571AD0621700F3199F /* Info.plist */ = {isa = PBXFileReference; lastKnownFileType = text.plist.xml; path = Info.plist; sourceTree = "<group>"; };
		422E8D581AD0621700F3199F /* AppDelegate.swift */ = {isa = PBXFileReference; lastKnownFileType = sourcecode.swift; path = AppDelegate.swift; sourceTree = "<group>"; };
		422E8D5A1AD0621700F3199F /* ViewController.swift */ = {isa = PBXFileReference; lastKnownFileType = sourcecode.swift; path = ViewController.swift; sourceTree = "<group>"; };
		422E8D5D1AD0621700F3199F /* Base */ = {isa = PBXFileReference; lastKnownFileType = file.storyboard; name = Base; path = Base.lproj/Main.storyboard; sourceTree = "<group>"; };
		422E8D5F1AD0621700F3199F /* Images.xcassets */ = {isa = PBXFileReference; lastKnownFileType = folder.assetcatalog; path = Images.xcassets; sourceTree = "<group>"; };
		422E8D621AD0621700F3199F /* Base */ = {isa = PBXFileReference; lastKnownFileType = file.xib; name = Base; path = Base.lproj/LaunchScreen.xib; sourceTree = "<group>"; };
		422E8D681AD0621800F3199F /* WatchAppTempTests.xctest */ = {isa = PBXFileReference; explicitFileType = wrapper.cfbundle; includeInIndex = 0; path = WatchAppTempTests.xctest; sourceTree = BUILT_PRODUCTS_DIR; };
		422E8D6D1AD0621800F3199F /* Info.plist */ = {isa = PBXFileReference; lastKnownFileType = text.plist.xml; path = Info.plist; sourceTree = "<group>"; };
		422E8D6E1AD0621800F3199F /* WatchAppTempTests.swift */ = {isa = PBXFileReference; lastKnownFileType = sourcecode.swift; path = WatchAppTempTests.swift; sourceTree = "<group>"; };
/* End PBXFileReference section */

/* Begin PBXFrameworksBuildPhase section */
		422E8D501AD0621700F3199F /* Frameworks */ = {
			isa = PBXFrameworksBuildPhase;
			buildActionMask = 2147483647;
			files = (
			);
			runOnlyForDeploymentPostprocessing = 0;
		};
		422E8D651AD0621800F3199F /* Frameworks */ = {
			isa = PBXFrameworksBuildPhase;
			buildActionMask = 2147483647;
			files = (
			);
			runOnlyForDeploymentPostprocessing = 0;
		};
/* End PBXFrameworksBuildPhase section */

/* Begin PBXGroup section */
		422E8D4A1AD0621700F3199F = {
			isa = PBXGroup;
			children = (
				422E8D551AD0621700F3199F /* WatchAppTemp */,
				422E8D6B1AD0621800F3199F /* WatchAppTempTests */,
				422E8D541AD0621700F3199F /* Products */,
			);
			sourceTree = "<group>";
		};
		422E8D541AD0621700F3199F /* Products */ = {
			isa = PBXGroup;
			children = (
				422E8D531AD0621700F3199F /* WatchAppTemp.app */,
				422E8D681AD0621800F3199F /* WatchAppTempTests.xctest */,
			);
			name = Products;
			sourceTree = "<group>";
		};
		422E8D551AD0621700F3199F /* WatchAppTemp */ = {
			isa = PBXGroup;
			children = (
				422E8D581AD0621700F3199F /* AppDelegate.swift */,
				422E8D5A1AD0621700F3199F /* ViewController.swift */,
				422E8D5C1AD0621700F3199F /* Main.storyboard */,
				422E8D5F1AD0621700F3199F /* Images.xcassets */,
				422E8D611AD0621700F3199F /* LaunchScreen.xib */,
				422E8D561AD0621700F3199F /* Supporting Files */,
			);
			path = WatchAppTemp;
			sourceTree = "<group>";
		};
		422E8D561AD0621700F3199F /* Supporting Files */ = {
			isa = PBXGroup;
			children = (
				422E8D571AD0621700F3199F /* Info.plist */,
			);
			name = "Supporting Files";
			sourceTree = "<group>";
		};
		422E8D6B1AD0621800F3199F /* WatchAppTempTests */ = {
			isa = PBXGroup;
			children = (
				422E8D6E1AD0621800F3199F /* WatchAppTempTests.swift */,
				422E8D6C1AD0621800F3199F /* Supporting Files */,
			);
			path = WatchAppTempTests;
			sourceTree = "<group>";
		};
		422E8D6C1AD0621800F3199F /* Supporting Files */ = {
			isa = PBXGroup;
			children = (
				422E8D6D1AD0621800F3199F /* Info.plist */,
			);
			name = "Supporting Files";
			sourceTree = "<group>";
		};
/* End PBXGroup section */

/* Begin PBXNativeTarget section */
		422E8D521AD0621700F3199F /* WatchAppTemp */ = {
			isa = PBXNativeTarget;
			buildConfigurationList = 422E8D721AD0621800F3199F /* Build configuration list for PBXNativeTarget "WatchAppTemp" */;
			buildPhases = (
				422E8D4F1AD0621700F3199F /* Sources */,
				422E8D501AD0621700F3199F /* Frameworks */,
				422E8D511AD0621700F3199F /* Resources */,
			);
			buildRules = (
			);
			dependencies = (
			);
			name = WatchAppTemp;
			productName = WatchAppTemp;
			productReference = 422E8D531AD0621700F3199F /* WatchAppTemp.app */;
			productType = "com.apple.product-type.application";
		};
		422E8D671AD0621800F3199F /* WatchAppTempTests */ = {
			isa = PBXNativeTarget;
			buildConfigurationList = 422E8D751AD0621800F3199F /* Build configuration list for PBXNativeTarget "WatchAppTempTests" */;
			buildPhases = (
				422E8D641AD0621800F3199F /* Sources */,
				422E8D651AD0621800F3199F /* Frameworks */,
				422E8D661AD0621800F3199F /* Resources */,
			);
			buildRules = (
			);
			dependencies = (
				422E8D6A1AD0621800F3199F /* PBXTargetDependency */,
			);
			name = WatchAppTempTests;
			productName = WatchAppTempTests;
			productReference = 422E8D681AD0621800F3199F /* WatchAppTempTests.xctest */;
			productType = "com.apple.product-type.bundle.unit-test";
		};
/* End PBXNativeTarget section */

/* Begin PBXProject section */
		422E8D4B1AD0621700F3199F /* Project object */ = {
			isa = PBXProject;
			attributes = {
				LastUpgradeCheck = 0620;
				ORGANIZATIONNAME = PanaCloud;
				TargetAttributes = {
					422E8D521AD0621700F3199F = {
						CreatedOnToolsVersion = 6.2;
					};
					422E8D671AD0621800F3199F = {
						CreatedOnToolsVersion = 6.2;
						TestTargetID = 422E8D521AD0621700F3199F;
					};
				};
			};
			buildConfigurationList = 422E8D4E1AD0621700F3199F /* Build configuration list for PBXProject "WatchAppTemp" */;
			compatibilityVersion = "Xcode 3.2";
			developmentRegion = English;
			hasScannedForEncodings = 0;
			knownRegions = (
				en,
				Base,
			);
			mainGroup = 422E8D4A1AD0621700F3199F;
			productRefGroup = 422E8D541AD0621700F3199F /* Products */;
			projectDirPath = "";
			projectRoot = "";
			targets = (
				422E8D521AD0621700F3199F /* WatchAppTemp */,
				422E8D671AD0621800F3199F /* WatchAppTempTests */,
			);
		};
/* End PBXProject section */

/* Begin PBXResourcesBuildPhase section */
		422E8D511AD0621700F3199F /* Resources */ = {
			isa = PBXResourcesBuildPhase;
			buildActionMask = 2147483647;
			files = (
				422E8D5E1AD0621700F3199F /* Main.storyboard in Resources */,
				422E8D631AD0621700F3199F /* LaunchScreen.xib in Resources */,
				422E8D601AD0621700F3199F /* Images.xcassets in Resources */,
			);
			runOnlyForDeploymentPostprocessing = 0;
		};
		422E8D661AD0621800F3199F /* Resources */ = {
			isa = PBXResourcesBuildPhase;
			buildActionMask = 2147483647;
			files = (
			);
			runOnlyForDeploymentPostprocessing = 0;
		};
/* End PBXResourcesBuildPhase section */

/* Begin PBXSourcesBuildPhase section */
		422E8D4F1AD0621700F3199F /* Sources */ = {
			isa = PBXSourcesBuildPhase;
			buildActionMask = 2147483647;
			files = (
				422E8D5B1AD0621700F3199F /* ViewController.swift in Sources */,
				422E8D591AD0621700F3199F /* AppDelegate.swift in Sources */,
			);
			runOnlyForDeploymentPostprocessing = 0;
		};
		422E8D641AD0621800F3199F /* Sources */ = {
			isa = PBXSourcesBuildPhase;
			buildActionMask = 2147483647;
			files = (
				422E8D6F1AD0621800F3199F /* WatchAppTempTests.swift in Sources */,
			);
			runOnlyForDeploymentPostprocessing = 0;
		};
/* End PBXSourcesBuildPhase section */

/* Begin PBXTargetDependency section */
		422E8D6A1AD0621800F3199F /* PBXTargetDependency */ = {
			isa = PBXTargetDependency;
			target = 422E8D521AD0621700F3199F /* WatchAppTemp */;
			targetProxy = 422E8D691AD0621800F3199F /* PBXContainerItemProxy */;
		};
/* End PBXTargetDependency section */

/* Begin PBXVariantGroup section */
		422E8D5C1AD0621700F3199F /* Main.storyboard */ = {
			isa = PBXVariantGroup;
			children = (
				422E8D5D1AD0621700F3199F /* Base */,
			);
			name = Main.storyboard;
			sourceTree = "<group>";
		};
		422E8D611AD0621700F3199F /* LaunchScreen.xib */ = {
			isa = PBXVariantGroup;
			children = (
				422E8D621AD0621700F3199F /* Base */,
			);
			name = LaunchScreen.xib;
			sourceTree = "<group>";
		};
/* End PBXVariantGroup section */

/* Begin XCBuildConfiguration section */
		422E8D701AD0621800F3199F /* Debug */ = {
			isa = XCBuildConfiguration;
			buildSettings = {
				ALWAYS_SEARCH_USER_PATHS = NO;
				CLANG_CXX_LANGUAGE_STANDARD = "gnu++0x";
				CLANG_CXX_LIBRARY = "libc++";
				CLANG_ENABLE_MODULES = YES;
				CLANG_ENABLE_OBJC_ARC = YES;
				CLANG_WARN_BOOL_CONVERSION = YES;
				CLANG_WARN_CONSTANT_CONVERSION = YES;
				CLANG_WARN_DIRECT_OBJC_ISA_USAGE = YES_ERROR;
				CLANG_WARN_EMPTY_BODY = YES;
				CLANG_WARN_ENUM_CONVERSION = YES;
				CLANG_WARN_INT_CONVERSION = YES;
				CLANG_WARN_OBJC_ROOT_CLASS = YES_ERROR;
				CLANG_WARN_UNREACHABLE_CODE = YES;
				CLANG_WARN__DUPLICATE_METHOD_MATCH = YES;
				"CODE_SIGN_IDENTITY[sdk=iphoneos*]" = "iPhone Developer";
				COPY_PHASE_STRIP = NO;
				ENABLE_STRICT_OBJC_MSGSEND = YES;
				GCC_C_LANGUAGE_STANDARD = gnu99;
				GCC_DYNAMIC_NO_PIC = NO;
				GCC_OPTIMIZATION_LEVEL = 0;
				GCC_PREPROCESSOR_DEFINITIONS = (
					"DEBUG=1",
					"$(inherited)",
				);
				GCC_SYMBOLS_PRIVATE_EXTERN = NO;
				GCC_WARN_64_TO_32_BIT_CONVERSION = YES;
				GCC_WARN_ABOUT_RETURN_TYPE = YES_ERROR;
				GCC_WARN_UNDECLARED_SELECTOR = YES;
				GCC_WARN_UNINITIALIZED_AUTOS = YES_AGGRESSIVE;
				GCC_WARN_UNUSED_FUNCTION = YES;
				GCC_WARN_UNUSED_VARIABLE = YES;
				IPHONEOS_DEPLOYMENT_TARGET = 8.2;
				MTL_ENABLE_DEBUG_INFO = YES;
				ONLY_ACTIVE_ARCH = YES;
				SDKROOT = iphoneos;
				SWIFT_OPTIMIZATION_LEVEL = "-Onone";
			};
			name = Debug;
		};
		422E8D711AD0621800F3199F /* Release */ = {
			isa = XCBuildConfiguration;
			buildSettings = {
				ALWAYS_SEARCH_USER_PATHS = NO;
				CLANG_CXX_LANGUAGE_STANDARD = "gnu++0x";
				CLANG_CXX_LIBRARY = "libc++";
				CLANG_ENABLE_MODULES = YES;
				CLANG_ENABLE_OBJC_ARC = YES;
				CLANG_WARN_BOOL_CONVERSION = YES;
				CLANG_WARN_CONSTANT_CONVERSION = YES;
				CLANG_WARN_DIRECT_OBJC_ISA_USAGE = YES_ERROR;
				CLANG_WARN_EMPTY_BODY = YES;
				CLANG_WARN_ENUM_CONVERSION = YES;
				CLANG_WARN_INT_CONVERSION = YES;
				CLANG_WARN_OBJC_ROOT_CLASS = YES_ERROR;
				CLANG_WARN_UNREACHABLE_CODE = YES;
				CLANG_WARN__DUPLICATE_METHOD_MATCH = YES;
				"CODE_SIGN_IDENTITY[sdk=iphoneos*]" = "iPhone Developer";
				COPY_PHASE_STRIP = NO;
				ENABLE_NS_ASSERTIONS = NO;
				ENABLE_STRICT_OBJC_MSGSEND = YES;
				GCC_C_LANGUAGE_STANDARD = gnu99;
				GCC_WARN_64_TO_32_BIT_CONVERSION = YES;
				GCC_WARN_ABOUT_RETURN_TYPE = YES_ERROR;
				GCC_WARN_UNDECLARED_SELECTOR = YES;
				GCC_WARN_UNINITIALIZED_AUTOS = YES_AGGRESSIVE;
				GCC_WARN_UNUSED_FUNCTION = YES;
				GCC_WARN_UNUSED_VARIABLE = YES;
				IPHONEOS_DEPLOYMENT_TARGET = 8.2;
				MTL_ENABLE_DEBUG_INFO = NO;
				SDKROOT = iphoneos;
				VALIDATE_PRODUCT = YES;
			};
			name = Release;
		};
		422E8D731AD0621800F3199F /* Debug */ = {
			isa = XCBuildConfiguration;
			buildSettings = {
				ASSETCATALOG_COMPILER_APPICON_NAME = AppIcon;
				INFOPLIST_FILE = WatchAppTemp/Info.plist;
				LD_RUNPATH_SEARCH_PATHS = "$(inherited) @executable_path/Frameworks";
				PRODUCT_NAME = "$(TARGET_NAME)";
			};
			name = Debug;
		};
		422E8D741AD0621800F3199F /* Release */ = {
			isa = XCBuildConfiguration;
			buildSettings = {
				ASSETCATALOG_COMPILER_APPICON_NAME = AppIcon;
				INFOPLIST_FILE = WatchAppTemp/Info.plist;
				LD_RUNPATH_SEARCH_PATHS = "$(inherited) @executable_path/Frameworks";
				PRODUCT_NAME = "$(TARGET_NAME)";
			};
			name = Release;
		};
		422E8D761AD0621800F3199F /* Debug */ = {
			isa = XCBuildConfiguration;
			buildSettings = {
				BUNDLE_LOADER = "$(TEST_HOST)";
				FRAMEWORK_SEARCH_PATHS = (
					"$(SDKROOT)/Developer/Library/Frameworks",
					"$(inherited)",
				);
				GCC_PREPROCESSOR_DEFINITIONS = (
					"DEBUG=1",
					"$(inherited)",
				);
				INFOPLIST_FILE = WatchAppTempTests/Info.plist;
				LD_RUNPATH_SEARCH_PATHS = "$(inherited) @executable_path/Frameworks @loader_path/Frameworks";
				PRODUCT_NAME = "$(TARGET_NAME)";
				TEST_HOST = "$(BUILT_PRODUCTS_DIR)/WatchAppTemp.app/WatchAppTemp";
			};
			name = Debug;
		};
		422E8D771AD0621800F3199F /* Release */ = {
			isa = XCBuildConfiguration;
			buildSettings = {
				BUNDLE_LOADER = "$(TEST_HOST)";
				FRAMEWORK_SEARCH_PATHS = (
					"$(SDKROOT)/Developer/Library/Frameworks",
					"$(inherited)",
				);
				INFOPLIST_FILE = WatchAppTempTests/Info.plist;
				LD_RUNPATH_SEARCH_PATHS = "$(inherited) @executable_path/Frameworks @loader_path/Frameworks";
				PRODUCT_NAME = "$(TARGET_NAME)";
				TEST_HOST = "$(BUILT_PRODUCTS_DIR)/WatchAppTemp.app/WatchAppTemp";
			};
			name = Release;
		};
/* End XCBuildConfiguration section */

/* Begin XCConfigurationList section */
		422E8D4E1AD0621700F3199F /* Build configuration list for PBXProject "WatchAppTemp" */ = {
			isa = XCConfigurationList;
			buildConfigurations = (
				422E8D701AD0621800F3199F /* Debug */,
				422E8D711AD0621800F3199F /* Release */,
			);
			defaultConfigurationIsVisible = 0;
			defaultConfigurationName = Release;
		};
		422E8D721AD0621800F3199F /* Build configuration list for PBXNativeTarget "WatchAppTemp" */ = {
			isa = XCConfigurationList;
			buildConfigurations = (
				422E8D731AD0621800F3199F /* Debug */,
				422E8D741AD0621800F3199F /* Release */,
			);
			defaultConfigurationIsVisible = 0;
		};
		422E8D751AD0621800F3199F /* Build configuration list for PBXNativeTarget "WatchAppTempTests" */ = {
			isa = XCConfigurationList;
			buildConfigurations = (
				422E8D761AD0621800F3199F /* Debug */,
				422E8D771AD0621800F3199F /* Release */,
			);
			defaultConfigurationIsVisible = 0;
		};
/* End XCConfigurationList section */
	};
	rootObject = 422E8D4B1AD0621700F3199F /* Project object */;
}
